
Microsoft Visual Studio Solution File, Format Version 12.00
Project("{FAE04EC0-301F-11D3-BF4B-00C04F79EFBC}") = "RedisInMemory.Web", "RedisInMemory.Web\RedisInMemory.Web.csproj", "{77DF3A3F-FAD7-4B8D-998F-38248E241169}"
EndProject
Project("{FAE04EC0-301F-11D3-BF4B-00C04F79EFBC}") = "RedisIDistributedCacheApp.Web", "RedisIDistributedCacheApp.Web\RedisIDistributedCacheApp.Web.csproj", "{311AFAF6-4513-483F-9F70-08CE05FD1B3C}"
EndProject
Project("{FAE04EC0-301F-11D3-BF4B-00C04F79EFBC}") = "RedisExchangeAPI.Web", "RedisExchangeAPI.Web\RedisExchangeAPI.Web.csproj", "{3BC88C9C-14D6-4A71-BB10-9B1FB7068633}"
EndProject
Global
	GlobalSection(SolutionConfigurationPlatforms) = preSolution
		Debug|Any CPU = Debug|Any CPU
		Release|Any CPU = Release|Any CPU
	EndGlobalSection
	GlobalSection(ProjectConfigurationPlatforms) = postSolution
		{77DF3A3F-FAD7-4B8D-998F-38248E241169}.Debug|Any CPU.ActiveCfg = Debug|Any CPU
		{77DF3A3F-FAD7-4B8D-998F-38248E241169}.Debug|Any CPU.Build.0 = Debug|Any CPU
		{77DF3A3F-FAD7-4B8D-998F-38248E241169}.Release|Any CPU.ActiveCfg = Release|Any CPU
		{77DF3A3F-FAD7-4B8D-998F-38248E241169}.Release|Any CPU.Build.0 = Release|Any CPU
		{311AFAF6-4513-483F-9F70-08CE05FD1B3C}.Debug|Any CPU.ActiveCfg = Debug|Any CPU
		{311AFAF6-4513-483F-9F70-08CE05FD1B3C}.Debug|Any CPU.Build.0 = Debug|Any CPU
		{311AFAF6-4513-483F-9F70-08CE05FD1B3C}.Release|Any CPU.ActiveCfg = Release|Any CPU
		{311AFAF6-4513-483F-9F70-08CE05FD1B3C}.Release|Any CPU.Build.0 = Release|Any CPU
		{3BC88C9C-14D6-4A71-BB10-9B1FB7068633}.Debug|Any CPU.ActiveCfg = Debug|Any CPU
		{3BC88C9C-14D6-4A71-BB10-9B1FB7068633}.Debug|Any CPU.Build.0 = Debug|Any CPU
		{3BC88C9C-14D6-4A71-BB10-9B1FB7068633}.Release|Any CPU.ActiveCfg = Release|Any CPU
		{3BC88C9C-14D6-4A71-BB10-9B1FB7068633}.Release|Any CPU.Build.0 = Release|Any CPU
	EndGlobalSection
EndGlobal
